
Microsoft Visual Studio Solution File, Format Version 12.00
# Visual Studio 14
VisualStudioVersion = 14.0.23107.0
MinimumVisualStudioVersion = 10.0.40219.1
Project("{FAE04EC0-301F-11D3-BF4B-00C04F79EFBC}") = "Kitchen_Bar", "Kitchen\Kitchen_Bar.csproj", "{3744645A-5B87-40F6-91B9-F73215DAC120}"
	ProjectSection(ProjectDependencies) = postProject
		{9EE38943-7392-407F-A4EA-E4A695ED532A} = {9EE38943-7392-407F-A4EA-E4A695ED532A}
	EndProjectSection
EndProject
Project("{FAE04EC0-301F-11D3-BF4B-00C04F79EFBC}") = "Room", "Room\Room.csproj", "{DCFEE121-1052-4AFC-9C87-D694D31CAD02}"
	ProjectSection(ProjectDependencies) = postProject
		{9EE38943-7392-407F-A4EA-E4A695ED532A} = {9EE38943-7392-407F-A4EA-E4A695ED532A}
	EndProjectSection
EndProject
Project("{FAE04EC0-301F-11D3-BF4B-00C04F79EFBC}") = "Payment", "Payment\Payment.csproj", "{B63F73C6-16CE-471A-8F7E-F98B1A9898DD}"
	ProjectSection(ProjectDependencies) = postProject
		{9EE38943-7392-407F-A4EA-E4A695ED532A} = {9EE38943-7392-407F-A4EA-E4A695ED532A}
	EndProjectSection
EndProject
Project("{FAE04EC0-301F-11D3-BF4B-00C04F79EFBC}") = "Printer", "Printer\Printer.csproj", "{A44B5E1B-BA9C-4396-9ED6-40E53F4817DC}"
	ProjectSection(ProjectDependencies) = postProject
		{9EE38943-7392-407F-A4EA-E4A695ED532A} = {9EE38943-7392-407F-A4EA-E4A695ED532A}
	EndProjectSection
EndProject
Project("{FAE04EC0-301F-11D3-BF4B-00C04F79EFBC}") = "Common", "Common\Common.csproj", "{9EE38943-7392-407F-A4EA-E4A695ED532A}"
EndProject
Global
	GlobalSection(SolutionConfigurationPlatforms) = preSolution
		Debug|Any CPU = Debug|Any CPU
		Release|Any CPU = Release|Any CPU
	EndGlobalSection
	GlobalSection(ProjectConfigurationPlatforms) = postSolution
		{3744645A-5B87-40F6-91B9-F73215DAC120}.Debug|Any CPU.ActiveCfg = Debug|Any CPU
		{3744645A-5B87-40F6-91B9-F73215DAC120}.Debug|Any CPU.Build.0 = Debug|Any CPU
		{3744645A-5B87-40F6-91B9-F73215DAC120}.Release|Any CPU.ActiveCfg = Release|Any CPU
		{3744645A-5B87-40F6-91B9-F73215DAC120}.Release|Any CPU.Build.0 = Release|Any CPU
		{DCFEE121-1052-4AFC-9C87-D694D31CAD02}.Debug|Any CPU.ActiveCfg = Debug|Any CPU
		{DCFEE121-1052-4AFC-9C87-D694D31CAD02}.Debug|Any CPU.Build.0 = Debug|Any CPU
		{DCFEE121-1052-4AFC-9C87-D694D31CAD02}.Release|Any CPU.ActiveCfg = Release|Any CPU
		{DCFEE121-1052-4AFC-9C87-D694D31CAD02}.Release|Any CPU.Build.0 = Release|Any CPU
		{B63F73C6-16CE-471A-8F7E-F98B1A9898DD}.Debug|Any CPU.ActiveCfg = Debug|Any CPU
		{B63F73C6-16CE-471A-8F7E-F98B1A9898DD}.Debug|Any CPU.Build.0 = Debug|Any CPU
		{B63F73C6-16CE-471A-8F7E-F98B1A9898DD}.Release|Any CPU.ActiveCfg = Release|Any CPU
		{B63F73C6-16CE-471A-8F7E-F98B1A9898DD}.Release|Any CPU.Build.0 = Release|Any CPU
		{A44B5E1B-BA9C-4396-9ED6-40E53F4817DC}.Debug|Any CPU.ActiveCfg = Debug|Any CPU
		{A44B5E1B-BA9C-4396-9ED6-40E53F4817DC}.Debug|Any CPU.Build.0 = Debug|Any CPU
		{A44B5E1B-BA9C-4396-9ED6-40E53F4817DC}.Release|Any CPU.ActiveCfg = Release|Any CPU
		{A44B5E1B-BA9C-4396-9ED6-40E53F4817DC}.Release|Any CPU.Build.0 = Release|Any CPU
		{9EE38943-7392-407F-A4EA-E4A695ED532A}.Debug|Any CPU.ActiveCfg = Debug|Any CPU
		{9EE38943-7392-407F-A4EA-E4A695ED532A}.Debug|Any CPU.Build.0 = Debug|Any CPU
		{9EE38943-7392-407F-A4EA-E4A695ED532A}.Release|Any CPU.ActiveCfg = Release|Any CPU
		{9EE38943-7392-407F-A4EA-E4A695ED532A}.Release|Any CPU.Build.0 = Release|Any CPU
	EndGlobalSection
	GlobalSection(SolutionProperties) = preSolution
		HideSolutionNode = FALSE
	EndGlobalSection
EndGlobal
